
Microsoft Visual Studio Solution File, Format Version 12.00
# Visual Studio Version 16
VisualStudioVersion = 16.0.30011.22
MinimumVisualStudioVersion = 10.0.40219.1
Project("{9A19103F-16F7-4668-BE54-9A1E7A4F7556}") = "WebTestMotors", "WebTestMotors\WebTestMotors.csproj", "{19636411-A09E-4609-AB73-85C5F3EC1B4A}"
EndProject
Project("{9A19103F-16F7-4668-BE54-9A1E7A4F7556}") = "WebTestMotors.DataAccess", "DataContext\WebTestMotors.DataAccess.csproj", "{B1E220EB-5C41-44AA-A212-237C81013936}"
EndProject
Project("{2150E333-8FDC-42A3-9474-1A3956D46DE8}") = "DataAccess", "DataAccess", "{C08950E4-DB3A-4768-823A-1B319B528811}"
EndProject
Project("{FAE04EC0-301F-11D3-BF4B-00C04F79EFBC}") = "WebTestMotors.Integration.Tests", "WebTestMotors.Integration.Tests\WebTestMotors.Integration.Tests.csproj", "{ED2D07CD-D664-4B53-A1FD-6F0EBA7335B9}"
EndProject
Global
	GlobalSection(SolutionConfigurationPlatforms) = preSolution
		Debug|Any CPU = Debug|Any CPU
		Release|Any CPU = Release|Any CPU
	EndGlobalSection
	GlobalSection(ProjectConfigurationPlatforms) = postSolution
		{19636411-A09E-4609-AB73-85C5F3EC1B4A}.Debug|Any CPU.ActiveCfg = Debug|Any CPU
		{19636411-A09E-4609-AB73-85C5F3EC1B4A}.Debug|Any CPU.Build.0 = Debug|Any CPU
		{19636411-A09E-4609-AB73-85C5F3EC1B4A}.Release|Any CPU.ActiveCfg = Release|Any CPU
		{19636411-A09E-4609-AB73-85C5F3EC1B4A}.Release|Any CPU.Build.0 = Release|Any CPU
		{B1E220EB-5C41-44AA-A212-237C81013936}.Debug|Any CPU.ActiveCfg = Debug|Any CPU
		{B1E220EB-5C41-44AA-A212-237C81013936}.Debug|Any CPU.Build.0 = Debug|Any CPU
		{B1E220EB-5C41-44AA-A212-237C81013936}.Release|Any CPU.ActiveCfg = Release|Any CPU
		{B1E220EB-5C41-44AA-A212-237C81013936}.Release|Any CPU.Build.0 = Release|Any CPU
		{ED2D07CD-D664-4B53-A1FD-6F0EBA7335B9}.Debug|Any CPU.ActiveCfg = Debug|Any CPU
		{ED2D07CD-D664-4B53-A1FD-6F0EBA7335B9}.Debug|Any CPU.Build.0 = Debug|Any CPU
		{ED2D07CD-D664-4B53-A1FD-6F0EBA7335B9}.Release|Any CPU.ActiveCfg = Release|Any CPU
		{ED2D07CD-D664-4B53-A1FD-6F0EBA7335B9}.Release|Any CPU.Build.0 = Release|Any CPU
	EndGlobalSection
	GlobalSection(SolutionProperties) = preSolution
		HideSolutionNode = FALSE
	EndGlobalSection
	GlobalSection(NestedProjects) = preSolution
		{B1E220EB-5C41-44AA-A212-237C81013936} = {C08950E4-DB3A-4768-823A-1B319B528811}
	EndGlobalSection
	GlobalSection(ExtensibilityGlobals) = postSolution
		SolutionGuid = {30A43F86-AE3D-4E48-B785-8E6FE92BF2BB}
	EndGlobalSection
EndGlobal
